
Microsoft Visual Studio Solution File, Format Version 12.00
# Visual Studio Version 16
VisualStudioVersion = 16.0.35425.106
MinimumVisualStudioVersion = 10.0.40219.1
Project("{FAE04EC0-301F-11D3-BF4B-00C04F79EFBC}") = "sorting", "sorting.csproj", "{AC86CB93-B60C-4719-9DAE-FB8E5EBFBE2D}"
EndProject
Global
	GlobalSection(SolutionConfigurationPlatforms) = preSolution
		Debug|Any CPU = Debug|Any CPU
		Release|Any CPU = Release|Any CPU
	EndGlobalSection
	GlobalSection(ProjectConfigurationPlatforms) = postSolution
		{AC86CB93-B60C-4719-9DAE-FB8E5EBFBE2D}.Debug|Any CPU.ActiveCfg = Debug|Any CPU
		{AC86CB93-B60C-4719-9DAE-FB8E5EBFBE2D}.Debug|Any CPU.Build.0 = Debug|Any CPU
		{AC86CB93-B60C-4719-9DAE-FB8E5EBFBE2D}.Release|Any CPU.ActiveCfg = Release|Any CPU
		{AC86CB93-B60C-4719-9DAE-FB8E5EBFBE2D}.Release|Any CPU.Build.0 = Release|Any CPU
	EndGlobalSection
	GlobalSection(SolutionProperties) = preSolution
		HideSolutionNode = FALSE
	EndGlobalSection
	GlobalSection(ExtensibilityGlobals) = postSolution
		SolutionGuid = {FE1AC24B-3D95-4BE2-BC67-0D007198BF1E}
	EndGlobalSection
EndGlobal
